
Microsoft Visual Studio Solution File, Format Version 12.00
# Visual Studio Version 17
VisualStudioVersion = 17.0.31612.314
MinimumVisualStudioVersion = 10.0.40219.1
Project("{2150E333-8FDC-42A3-9474-1A3956D46DE8}") = "01_Console", "01_Console", "{1787D8DF-8388-4F81-9C1A-C1D292DFA899}"
EndProject
Project("{2150E333-8FDC-42A3-9474-1A3956D46DE8}") = "02_ScreenOperations", "02_ScreenOperations", "{8DA40013-68AB-4859-B99A-F0E2A379611D}"
EndProject
Project("{2150E333-8FDC-42A3-9474-1A3956D46DE8}") = "03_InsertText", "03_InsertText", "{B31F9E8B-F4DC-46A4-93AE-26E05394F114}"
EndProject
Project("{9A19103F-16F7-4668-BE54-9A1E7A4F7556}") = "ALogger", "Logger\ALogger.csproj", "{3F20CB9D-E7AE-41A8-812D-BCD283B4DD19}"
EndProject
Project("{9A19103F-16F7-4668-BE54-9A1E7A4F7556}") = "ConsoleMain", "ConsoleAsync\ConsoleMain.csproj", "{C5DEF23A-C53B-4362-ABFB-F67441C5C793}"
EndProject
Project("{9A19103F-16F7-4668-BE54-9A1E7A4F7556}") = "ScreenOps", "ScreenOps\ScreenOps.csproj", "{C11336BD-B74A-4FEA-8364-FA5BC7C7CC36}"
EndProject
Project("{9A19103F-16F7-4668-BE54-9A1E7A4F7556}") = "TextExtract", "TextExtract\TextExtract.csproj", "{171988FE-E9A7-449A-944E-A999BB02F52D}"
EndProject
Project("{9A19103F-16F7-4668-BE54-9A1E7A4F7556}") = "InsertTextIntoGSheet", "InsertTextIntoGSheet\InsertTextIntoGSheet.csproj", "{0C1A4EAA-7D29-4963-AE61-A8CDE5DD6E6E}"
EndProject
Global
	GlobalSection(SolutionConfigurationPlatforms) = preSolution
		Debug|Any CPU = Debug|Any CPU
		Release|Any CPU = Release|Any CPU
	EndGlobalSection
	GlobalSection(ProjectConfigurationPlatforms) = postSolution
		{3F20CB9D-E7AE-41A8-812D-BCD283B4DD19}.Debug|Any CPU.ActiveCfg = Debug|Any CPU
		{3F20CB9D-E7AE-41A8-812D-BCD283B4DD19}.Debug|Any CPU.Build.0 = Debug|Any CPU
		{3F20CB9D-E7AE-41A8-812D-BCD283B4DD19}.Release|Any CPU.ActiveCfg = Release|Any CPU
		{3F20CB9D-E7AE-41A8-812D-BCD283B4DD19}.Release|Any CPU.Build.0 = Release|Any CPU
		{C5DEF23A-C53B-4362-ABFB-F67441C5C793}.Debug|Any CPU.ActiveCfg = Debug|Any CPU
		{C5DEF23A-C53B-4362-ABFB-F67441C5C793}.Debug|Any CPU.Build.0 = Debug|Any CPU
		{C5DEF23A-C53B-4362-ABFB-F67441C5C793}.Release|Any CPU.ActiveCfg = Release|Any CPU
		{C5DEF23A-C53B-4362-ABFB-F67441C5C793}.Release|Any CPU.Build.0 = Release|Any CPU
		{C11336BD-B74A-4FEA-8364-FA5BC7C7CC36}.Debug|Any CPU.ActiveCfg = Debug|Any CPU
		{C11336BD-B74A-4FEA-8364-FA5BC7C7CC36}.Debug|Any CPU.Build.0 = Debug|Any CPU
		{C11336BD-B74A-4FEA-8364-FA5BC7C7CC36}.Release|Any CPU.ActiveCfg = Release|Any CPU
		{C11336BD-B74A-4FEA-8364-FA5BC7C7CC36}.Release|Any CPU.Build.0 = Release|Any CPU
		{171988FE-E9A7-449A-944E-A999BB02F52D}.Debug|Any CPU.ActiveCfg = Debug|Any CPU
		{171988FE-E9A7-449A-944E-A999BB02F52D}.Debug|Any CPU.Build.0 = Debug|Any CPU
		{171988FE-E9A7-449A-944E-A999BB02F52D}.Release|Any CPU.ActiveCfg = Release|Any CPU
		{171988FE-E9A7-449A-944E-A999BB02F52D}.Release|Any CPU.Build.0 = Release|Any CPU
		{0C1A4EAA-7D29-4963-AE61-A8CDE5DD6E6E}.Debug|Any CPU.ActiveCfg = Debug|Any CPU
		{0C1A4EAA-7D29-4963-AE61-A8CDE5DD6E6E}.Debug|Any CPU.Build.0 = Debug|Any CPU
		{0C1A4EAA-7D29-4963-AE61-A8CDE5DD6E6E}.Release|Any CPU.ActiveCfg = Release|Any CPU
		{0C1A4EAA-7D29-4963-AE61-A8CDE5DD6E6E}.Release|Any CPU.Build.0 = Release|Any CPU
	EndGlobalSection
	GlobalSection(SolutionProperties) = preSolution
		HideSolutionNode = FALSE
	EndGlobalSection
	GlobalSection(NestedProjects) = preSolution
		{3F20CB9D-E7AE-41A8-812D-BCD283B4DD19} = {1787D8DF-8388-4F81-9C1A-C1D292DFA899}
		{C5DEF23A-C53B-4362-ABFB-F67441C5C793} = {1787D8DF-8388-4F81-9C1A-C1D292DFA899}
		{C11336BD-B74A-4FEA-8364-FA5BC7C7CC36} = {8DA40013-68AB-4859-B99A-F0E2A379611D}
		{171988FE-E9A7-449A-944E-A999BB02F52D} = {8DA40013-68AB-4859-B99A-F0E2A379611D}
		{0C1A4EAA-7D29-4963-AE61-A8CDE5DD6E6E} = {B31F9E8B-F4DC-46A4-93AE-26E05394F114}
	EndGlobalSection
	GlobalSection(ExtensibilityGlobals) = postSolution
		SolutionGuid = {13ACC7F9-E9DD-422F-ABA9-6EFAC66AC1B0}
	EndGlobalSection
EndGlobal
