
Microsoft Visual Studio Solution File, Format Version 12.00
# Visual Studio Version 16
VisualStudioVersion = 16.0.31515.178
MinimumVisualStudioVersion = 10.0.40219.1
Project("{9A19103F-16F7-4668-BE54-9A1E7A4F7556}") = "ALogger", "ALogger.csproj", "{0C9ACDF4-354F-4277-B699-032CE2C24826}"
EndProject
Global
	GlobalSection(SolutionConfigurationPlatforms) = preSolution
		Debug|Any CPU = Debug|Any CPU
		Release|Any CPU = Release|Any CPU
	EndGlobalSection
	GlobalSection(ProjectConfigurationPlatforms) = postSolution
		{0C9ACDF4-354F-4277-B699-032CE2C24826}.Debug|Any CPU.ActiveCfg = Debug|Any CPU
		{0C9ACDF4-354F-4277-B699-032CE2C24826}.Debug|Any CPU.Build.0 = Debug|Any CPU
		{0C9ACDF4-354F-4277-B699-032CE2C24826}.Release|Any CPU.ActiveCfg = Release|Any CPU
		{0C9ACDF4-354F-4277-B699-032CE2C24826}.Release|Any CPU.Build.0 = Release|Any CPU
	EndGlobalSection
	GlobalSection(SolutionProperties) = preSolution
		HideSolutionNode = FALSE
	EndGlobalSection
	GlobalSection(ExtensibilityGlobals) = postSolution
		SolutionGuid = {63EE963A-F5B7-4966-BD92-8FD42DAA7A79}
	EndGlobalSection
EndGlobal
